
Microsoft Visual Studio Solution File, Format Version 12.00
# Visual Studio Version 17
VisualStudioVersion = 17.14.36401.2
MinimumVisualStudioVersion = 10.0.40219.1
Project("{FAE04EC0-301F-11D3-BF4B-00C04F79EFBC}") = "IceSync.Api", "IceSync.Api\IceSync.Api.csproj", "{D985B018-F174-4336-9271-7C6A39755900}"
EndProject
Project("{FAE04EC0-301F-11D3-BF4B-00C04F79EFBC}") = "IceSync.Core", "IceSync.Core\IceSync.Core.csproj", "{09A6A553-DB07-4B34-9564-34871DFA6B0A}"
EndProject
Project("{FAE04EC0-301F-11D3-BF4B-00C04F79EFBC}") = "IceSync.Data", "IceSync.Data\IceSync.Data.csproj", "{3F924950-0A1F-44E7-A376-DE687BDEDB7C}"
EndProject
Global
	GlobalSection(SolutionConfigurationPlatforms) = preSolution
		Debug|Any CPU = Debug|Any CPU
		Release|Any CPU = Release|Any CPU
	EndGlobalSection
	GlobalSection(ProjectConfigurationPlatforms) = postSolution
		{D985B018-F174-4336-9271-7C6A39755900}.Debug|Any CPU.ActiveCfg = Debug|Any CPU
		{D985B018-F174-4336-9271-7C6A39755900}.Debug|Any CPU.Build.0 = Debug|Any CPU
		{D985B018-F174-4336-9271-7C6A39755900}.Release|Any CPU.ActiveCfg = Release|Any CPU
		{D985B018-F174-4336-9271-7C6A39755900}.Release|Any CPU.Build.0 = Release|Any CPU
		{09A6A553-DB07-4B34-9564-34871DFA6B0A}.Debug|Any CPU.ActiveCfg = Debug|Any CPU
		{09A6A553-DB07-4B34-9564-34871DFA6B0A}.Debug|Any CPU.Build.0 = Debug|Any CPU
		{09A6A553-DB07-4B34-9564-34871DFA6B0A}.Release|Any CPU.ActiveCfg = Release|Any CPU
		{09A6A553-DB07-4B34-9564-34871DFA6B0A}.Release|Any CPU.Build.0 = Release|Any CPU
		{3F924950-0A1F-44E7-A376-DE687BDEDB7C}.Debug|Any CPU.ActiveCfg = Debug|Any CPU
		{3F924950-0A1F-44E7-A376-DE687BDEDB7C}.Debug|Any CPU.Build.0 = Debug|Any CPU
		{3F924950-0A1F-44E7-A376-DE687BDEDB7C}.Release|Any CPU.ActiveCfg = Release|Any CPU
		{3F924950-0A1F-44E7-A376-DE687BDEDB7C}.Release|Any CPU.Build.0 = Release|Any CPU
	EndGlobalSection
	GlobalSection(SolutionProperties) = preSolution
		HideSolutionNode = FALSE
	EndGlobalSection
	GlobalSection(ExtensibilityGlobals) = postSolution
		SolutionGuid = {B2066D50-FED7-4304-BCA9-4520C5537513}
	EndGlobalSection
EndGlobal
